
Microsoft Visual Studio Solution File, Format Version 12.00
# Visual Studio Version 17
VisualStudioVersion = 17.9.34723.18
MinimumVisualStudioVersion = 10.0.40219.1
Project("{2150E333-8FDC-42A3-9474-1A3956D46DE8}") = "src", "src", "{0E7F4DF7-2E43-498D-BD65-B75BC922FD1D}"
EndProject
Project("{2150E333-8FDC-42A3-9474-1A3956D46DE8}") = "test", "test", "{AA2BE685-92B1-462F-8492-063996F7F32D}"
EndProject
Project("{2150E333-8FDC-42A3-9474-1A3956D46DE8}") = "externalfiles", "externalfiles", "{E52BEAB4-05CC-46ED-90D7-2787A3B1BE13}"
	ProjectSection(SolutionItems) = preProject
		.editorconfig = .editorconfig
		.gitattributes = .gitattributes
		.gitignore = .gitignore
		README.md = README.md
	EndProjectSection
EndProject
Project("{FAE04EC0-301F-11D3-BF4B-00C04F79EFBC}") = "TeamUpWebScraperLibrary", "src\TeamUpWebScraperLibrary\TeamUpWebScraperLibrary.csproj", "{0E1A63A0-57F2-44F1-A558-8CADA16AA67E}"
EndProject
Project("{FAE04EC0-301F-11D3-BF4B-00C04F79EFBC}") = "TeamUpWebScraperUI", "src\TeamUpWebScraperUI\TeamUpWebScraperUI.csproj", "{E8AD479D-BA00-41DA-AC6B-F94DEEFB0EC2}"
EndProject
Project("{FAE04EC0-301F-11D3-BF4B-00C04F79EFBC}") = "TeamUpWebSraperLibrary.Tests.Unit", "test\TeamUpWebSraperLibrary.Tests.Unit\TeamUpWebSraperLibrary.Tests.Unit.csproj", "{61ED5467-091F-4671-8444-F2ECFC2D9DD6}"
EndProject
Global
	GlobalSection(SolutionConfigurationPlatforms) = preSolution
		Debug|Any CPU = Debug|Any CPU
		Release|Any CPU = Release|Any CPU
	EndGlobalSection
	GlobalSection(ProjectConfigurationPlatforms) = postSolution
		{0E1A63A0-57F2-44F1-A558-8CADA16AA67E}.Debug|Any CPU.ActiveCfg = Debug|Any CPU
		{0E1A63A0-57F2-44F1-A558-8CADA16AA67E}.Debug|Any CPU.Build.0 = Debug|Any CPU
		{0E1A63A0-57F2-44F1-A558-8CADA16AA67E}.Release|Any CPU.ActiveCfg = Release|Any CPU
		{0E1A63A0-57F2-44F1-A558-8CADA16AA67E}.Release|Any CPU.Build.0 = Release|Any CPU
		{E8AD479D-BA00-41DA-AC6B-F94DEEFB0EC2}.Debug|Any CPU.ActiveCfg = Debug|Any CPU
		{E8AD479D-BA00-41DA-AC6B-F94DEEFB0EC2}.Debug|Any CPU.Build.0 = Debug|Any CPU
		{E8AD479D-BA00-41DA-AC6B-F94DEEFB0EC2}.Release|Any CPU.ActiveCfg = Release|Any CPU
		{E8AD479D-BA00-41DA-AC6B-F94DEEFB0EC2}.Release|Any CPU.Build.0 = Release|Any CPU
		{61ED5467-091F-4671-8444-F2ECFC2D9DD6}.Debug|Any CPU.ActiveCfg = Debug|Any CPU
		{61ED5467-091F-4671-8444-F2ECFC2D9DD6}.Debug|Any CPU.Build.0 = Debug|Any CPU
		{61ED5467-091F-4671-8444-F2ECFC2D9DD6}.Release|Any CPU.ActiveCfg = Release|Any CPU
		{61ED5467-091F-4671-8444-F2ECFC2D9DD6}.Release|Any CPU.Build.0 = Release|Any CPU
	EndGlobalSection
	GlobalSection(SolutionProperties) = preSolution
		HideSolutionNode = FALSE
	EndGlobalSection
	GlobalSection(NestedProjects) = preSolution
		{0E1A63A0-57F2-44F1-A558-8CADA16AA67E} = {0E7F4DF7-2E43-498D-BD65-B75BC922FD1D}
		{E8AD479D-BA00-41DA-AC6B-F94DEEFB0EC2} = {0E7F4DF7-2E43-498D-BD65-B75BC922FD1D}
		{61ED5467-091F-4671-8444-F2ECFC2D9DD6} = {AA2BE685-92B1-462F-8492-063996F7F32D}
	EndGlobalSection
	GlobalSection(ExtensibilityGlobals) = postSolution
		SolutionGuid = {0DB25E3E-1B6A-41E6-92C4-6E2F7DEA7B41}
	EndGlobalSection
EndGlobal
